
Microsoft Visual Studio Solution File, Format Version 12.00
# Visual Studio Version 17
VisualStudioVersion = 17.5.33424.131
MinimumVisualStudioVersion = 10.0.40219.1
Project("{FAE04EC0-301F-11D3-BF4B-00C04F79EFBC}") = "REGON.Infrastructure", "REGON.Infrastructure\REGON.Infrastructure.csproj", "{E21E14E3-16A5-49A7-8974-D8ED3A5ADCFB}"
EndProject
Project("{FAE04EC0-301F-11D3-BF4B-00C04F79EFBC}") = "REGON.Client", "REGON.Client\REGON.Client.csproj", "{8BF0CB9E-F82F-435A-A15A-FC86931664C4}"
EndProject
Project("{FAE04EC0-301F-11D3-BF4B-00C04F79EFBC}") = "REGON.Common", "REGON.Common\REGON.Common.csproj", "{F8A4786F-08EE-4DF5-876F-E24F93A9EDB3}"
EndProject
Global
	GlobalSection(SolutionConfigurationPlatforms) = preSolution
		Debug|Any CPU = Debug|Any CPU
		Release|Any CPU = Release|Any CPU
	EndGlobalSection
	GlobalSection(ProjectConfigurationPlatforms) = postSolution
		{E21E14E3-16A5-49A7-8974-D8ED3A5ADCFB}.Debug|Any CPU.ActiveCfg = Debug|Any CPU
		{E21E14E3-16A5-49A7-8974-D8ED3A5ADCFB}.Debug|Any CPU.Build.0 = Debug|Any CPU
		{E21E14E3-16A5-49A7-8974-D8ED3A5ADCFB}.Release|Any CPU.ActiveCfg = Release|Any CPU
		{E21E14E3-16A5-49A7-8974-D8ED3A5ADCFB}.Release|Any CPU.Build.0 = Release|Any CPU
		{8BF0CB9E-F82F-435A-A15A-FC86931664C4}.Debug|Any CPU.ActiveCfg = Debug|Any CPU
		{8BF0CB9E-F82F-435A-A15A-FC86931664C4}.Debug|Any CPU.Build.0 = Debug|Any CPU
		{8BF0CB9E-F82F-435A-A15A-FC86931664C4}.Release|Any CPU.ActiveCfg = Release|Any CPU
		{8BF0CB9E-F82F-435A-A15A-FC86931664C4}.Release|Any CPU.Build.0 = Release|Any CPU
		{F8A4786F-08EE-4DF5-876F-E24F93A9EDB3}.Debug|Any CPU.ActiveCfg = Debug|Any CPU
		{F8A4786F-08EE-4DF5-876F-E24F93A9EDB3}.Debug|Any CPU.Build.0 = Debug|Any CPU
		{F8A4786F-08EE-4DF5-876F-E24F93A9EDB3}.Release|Any CPU.ActiveCfg = Release|Any CPU
		{F8A4786F-08EE-4DF5-876F-E24F93A9EDB3}.Release|Any CPU.Build.0 = Release|Any CPU
	EndGlobalSection
	GlobalSection(SolutionProperties) = preSolution
		HideSolutionNode = FALSE
	EndGlobalSection
	GlobalSection(ExtensibilityGlobals) = postSolution
		SolutionGuid = {CF885D3D-EBDF-4043-920C-940FC91C4F84}
	EndGlobalSection
EndGlobal
